version = 1
revision = 3
requires-python = ">=3.14"

[[package]]
name = "aws-config-gen"
source = { editable = "." }

[package.dev-dependencies]
dev = [
    { name = "pytest" },
    { name = "pytest-cov" },
    { name = "ruff" },
]

[package.metadata]

[package.metadata.requires-dev]
dev = [
    { name = "pytest" },
    { name = "pytest-cov" },
    { name = "ruff" },
]

[[package]]
name = "colorama"
version = "0.4.6"
source = { registry = "https://pypi.org/simple" }
sdist = { url = "https://files.pythonhosted.org/packages/d8/53/6f443c9a4a8358a93a6792e2acffb9d9d5cb0a5cfd8802644b7b1c9a02e4/colorama-0.4.6.tar.gz", hash = "sha256:08695f5cb7ed6e0531a20572697297273c47b8cae5a63ffc6d6ed5c201be6e44", size = 27697, upload-time = "2022-10-25T02:36:22.414Z" }
wheels = [
    { url = "https://files.pythonhosted.org/packages/d1/d6/3965ed04c63042e047cb6a3e6ed1a63a35087b6a609aa3a15ed8ac56c221/colorama-0.4.6-py2.py3-none-any.whl", hash = "sha256:4f1d9991f5acc0ca119f9d443620b77f9d6b33703e51011c16baf57afb285fc6", size = 25335, upload-time = "2022-10-25T02:36:20.889Z" },
]

[[package]]
name = "coverage"
version = "7.13.5"
source = { registry = "https://pypi.org/simple" }
sdist = { url = "https://files.pythonhosted.org/packages/9d/e0/70553e3000e345daff267cec284ce4cbf3fc141b6da229ac52775b5428f1/coverage-7.13.5.tar.gz", hash = "sha256:c81f6515c4c40141f83f502b07bbfa5c240ba25bbe73da7b33f1e5b6120ff179", size = 915967, upload-time = "2026-03-17T10:33:18.341Z" }
wheels = [
    { url = "https://files.pythonhosted.org/packages/8e/77/39703f0d1d4b478bfd30191d3c14f53caf596fac00efb3f8f6ee23646439/coverage-7.13.5-cp314-cp314-macosx_10_15_x86_64.whl", hash = "sha256:fbabfaceaeb587e16f7008f7795cd80d20ec548dc7f94fbb0d4ec2e038ce563f", size = 219621, upload-time = "2026-03-17T10:32:08.589Z" },
    { url = "https://files.pythonhosted.org/packages/e2/3e/51dff36d99ae14639a133d9b164d63e628532e2974d8b1edb99dd1ebc733/coverage-7.13.5-cp314-cp314-macosx_11_0_arm64.whl", hash = "sha256:9bb2a28101a443669a423b665939381084412b81c3f8c0fcfbac57f4e30b5b8e", size = 219953, upload-time = "2026-03-17T10:32:10.507Z" },
    { url = "https://files.pythonhosted.org/packages/6a/6c/1f1917b01eb647c2f2adc9962bd66c79eb978951cab61bdc1acab3290c07/coverage-7.13.5-cp314-cp314-manylinux1_i686.manylinux_2_28_i686.manylinux_2_5_i686.whl", hash = "sha256:bd3a2fbc1c6cccb3c5106140d87cc6a8715110373ef42b63cf5aea29df8c217a", size = 250992, upload-time = "2026-03-17T10:32:12.41Z" },
    { url = "https://files.pythonhosted.org/packages/22/e5/06b1f88f42a5a99df42ce61208bdec3bddb3d261412874280a19796fc09c/coverage-7.13.5-cp314-cp314-manylinux1_x86_64.manylinux_2_28_x86_64.manylinux_2_5_x86_64.whl", hash = "sha256:6c36ddb64ed9d7e496028d1d00dfec3e428e0aabf4006583bb1839958d280510", size = 253503, upload-time = "2026-03-17T10:32:14.449Z" },
    { url = "https://files.pythonhosted.org/packages/80/28/2a148a51e5907e504fa7b85490277734e6771d8844ebcc48764a15e28155/coverage-7.13.5-cp314-cp314-manylinux2014_aarch64.manylinux_2_17_aarch64.manylinux_2_28_aarch64.whl", hash = "sha256:380e8e9084d8eb38db3a9176a1a4f3c0082c3806fa0dc882d1d87abc3c789247", size = 254852, upload-time = "2026-03-17T10:32:16.56Z" },
    { url = "https://files.pythonhosted.org/packages/61/77/50e8d3d85cc0b7ebe09f30f151d670e302c7ff4a1bf6243f71dd8b0981fa/coverage-7.13.5-cp314-cp314-manylinux2014_ppc64le.manylinux_2_17_ppc64le.manylinux_2_28_ppc64le.whl", hash = "sha256:e808af52a0513762df4d945ea164a24b37f2f518cbe97e03deaa0ee66139b4d6", size = 257161, upload-time = "2026-03-17T10:32:19.004Z" },
    { url = "https://files.pythonhosted.org/packages/3b/c4/b5fd1d4b7bf8d0e75d997afd3925c59ba629fc8616f1b3aae7605132e256/coverage-7.13.5-cp314-cp314-manylinux_2_31_riscv64.manylinux_2_39_riscv64.whl", hash = "sha256:e301d30dd7e95ae068671d746ba8c34e945a82682e62918e41b2679acd2051a0", size = 251021, upload-time = "2026-03-17T10:32:21.344Z" },
    { url = "https://files.pythonhosted.org/packages/f8/66/6ea21f910e92d69ef0b1c3346ea5922a51bad4446c9126db2ae96ee24c4c/coverage-7.13.5-cp314-cp314-musllinux_1_2_aarch64.whl", hash = "sha256:800bc829053c80d240a687ceeb927a94fd108bbdc68dfbe505d0d75ab578a882", size = 252858, upload-time = "2026-03-17T10:32:23.506Z" },
    { url = "https://files.pythonhosted.org/packages/9e/ea/879c83cb5d61aa2a35fb80e72715e92672daef8191b84911a643f533840c/coverage-7.13.5-cp314-cp314-musllinux_1_2_i686.whl", hash = "sha256:0b67af5492adb31940ee418a5a655c28e48165da5afab8c7fa6fd72a142f8740", size = 250823, upload-time = "2026-03-17T10:32:25.516Z" },
    { url = "https://files.pythonhosted.org/packages/8a/fb/616d95d3adb88b9803b275580bdeee8bd1b69a886d057652521f83d7322f/coverage-7.13.5-cp314-cp314-musllinux_1_2_ppc64le.whl", hash = "sha256:c9136ff29c3a91e25b1d1552b5308e53a1e0653a23e53b6366d7c2dcbbaf8a16", size = 255099, upload-time = "2026-03-17T10:32:27.944Z" },
    { url = "https://files.pythonhosted.org/packages/1c/93/25e6917c90ec1c9a56b0b26f6cad6408e5f13bb6b35d484a0d75c9cf000d/coverage-7.13.5-cp314-cp314-musllinux_1_2_riscv64.whl", hash = "sha256:cff784eef7f0b8f6cb28804fbddcfa99f89efe4cc35fb5627e3ac58f91ed3ac0", size = 250638, upload-time = "2026-03-17T10:32:29.914Z" },
    { url = "https://files.pythonhosted.org/packages/fc/7b/dc1776b0464145a929deed214aef9fb1493f159b59ff3c7eeeedf91eddd0/coverage-7.13.5-cp314-cp314-musllinux_1_2_x86_64.whl", hash = "sha256:68a4953be99b17ac3c23b6efbc8a38330d99680c9458927491d18700ef23ded0", size = 252295, upload-time = "2026-03-17T10:32:31.981Z" },
    { url = "https://files.pythonhosted.org/packages/ea/fb/99cbbc56a26e07762a2740713f3c8f9f3f3106e3a3dd8cc4474954bccd34/coverage-7.13.5-cp314-cp314-win32.whl", hash = "sha256:35a31f2b1578185fbe6aa2e74cea1b1d0bbf4c552774247d9160d29b80ed56cc", size = 222360, upload-time = "2026-03-17T10:32:34.233Z" },
    { url = "https://files.pythonhosted.org/packages/8d/b7/4758d4f73fb536347cc5e4ad63662f9d60ba9118cb6785e9616b2ce5d7fa/coverage-7.13.5-cp314-cp314-win_amd64.whl", hash = "sha256:2aa055ae1857258f9e0045be26a6d62bdb47a72448b62d7b55f4820f361a2633", size = 223174, upload-time = "2026-03-17T10:32:36.369Z" },
    { url = "https://files.pythonhosted.org/packages/2c/f2/24d84e1dfe70f8ac9fdf30d338239860d0d1d5da0bda528959d0ebc9da28/coverage-7.13.5-cp314-cp314-win_arm64.whl", hash = "sha256:1b11eef33edeae9d142f9b4358edb76273b3bfd30bc3df9a4f95d0e49caf94e8", size = 221739, upload-time = "2026-03-17T10:32:38.736Z" },
    { url = "https://files.pythonhosted.org/packages/60/5b/4a168591057b3668c2428bff25dd3ebc21b629d666d90bcdfa0217940e84/coverage-7.13.5-cp314-cp314t-macosx_10_15_x86_64.whl", hash = "sha256:10a0c37f0b646eaff7cce1874c31d1f1ccb297688d4c747291f4f4c70741cc8b", size = 220351, upload-time = "2026-03-17T10:32:41.196Z" },
    { url = "https://files.pythonhosted.org/packages/f5/21/1fd5c4dbfe4a58b6b99649125635df46decdfd4a784c3cd6d410d303e370/coverage-7.13.5-cp314-cp314t-macosx_11_0_arm64.whl", hash = "sha256:b5db73ba3c41c7008037fa731ad5459fc3944cb7452fc0aa9f822ad3533c583c", size = 220612, upload-time = "2026-03-17T10:32:43.204Z" },
    { url = "https://files.pythonhosted.org/packages/d6/fe/2a924b3055a5e7e4512655a9d4609781b0d62334fa0140c3e742926834e2/coverage-7.13.5-cp314-cp314t-manylinux1_i686.manylinux_2_28_i686.manylinux_2_5_i686.whl", hash = "sha256:750db93a81e3e5a9831b534be7b1229df848b2e125a604fe6651e48aa070e5f9", size = 261985, upload-time = "2026-03-17T10:32:45.514Z" },
    { url = "https://files.pythonhosted.org/packages/d7/0d/c8928f2bd518c45990fe1a2ab8db42e914ef9b726c975facc4282578c3eb/coverage-7.13.5-cp314-cp314t-manylinux1_x86_64.manylinux_2_28_x86_64.manylinux_2_5_x86_64.whl", hash = "sha256:9ddb4f4a5479f2539644be484da179b653273bca1a323947d48ab107b3ed1f29", size = 264107, upload-time = "2026-03-17T10:32:47.971Z" },
    { url = "https://files.pythonhosted.org/packages/ef/ae/4ae35bbd9a0af9d820362751f0766582833c211224b38665c0f8de3d487f/coverage-7.13.5-cp314-cp314t-manylinux2014_aarch64.manylinux_2_17_aarch64.manylinux_2_28_aarch64.whl", hash = "sha256:d8a7a2049c14f413163e2bdabd37e41179b1d1ccb10ffc6ccc4b7a718429c607", size = 266513, upload-time = "2026-03-17T10:32:50.1Z" },
    { url = "https://files.pythonhosted.org/packages/9c/20/d326174c55af36f74eac6ae781612d9492f060ce8244b570bb9d50d9d609/coverage-7.13.5-cp314-cp314t-manylinux2014_ppc64le.manylinux_2_17_ppc64le.manylinux_2_28_ppc64le.whl", hash = "sha256:e1c85e0b6c05c592ea6d8768a66a254bfb3874b53774b12d4c89c481eb78cb90", size = 267650, upload-time = "2026-03-17T10:32:52.391Z" },
    { url = "https://files.pythonhosted.org/packages/7a/5e/31484d62cbd0eabd3412e30d74386ece4a0837d4f6c3040a653878bfc019/coverage-7.13.5-cp314-cp314t-manylinux_2_31_riscv64.manylinux_2_39_riscv64.whl", hash = "sha256:777c4d1eff1b67876139d24288aaf1817f6c03d6bae9c5cc8d27b83bcfe38fe3", size = 261089, upload-time = "2026-03-17T10:32:54.544Z" },
    { url = "https://files.pythonhosted.org/packages/e9/d8/49a72d6de146eebb0b7e48cc0f4bc2c0dd858e3d4790ab2b39a2872b62bd/coverage-7.13.5-cp314-cp314t-musllinux_1_2_aarch64.whl", hash = "sha256:6697e29b93707167687543480a40f0db8f356e86d9f67ddf2e37e2dfd91a9dab", size = 263982, upload-time = "2026-03-17T10:32:56.803Z" },
    { url = "https://files.pythonhosted.org/packages/06/3b/0351f1bd566e6e4dd39e978efe7958bde1d32f879e85589de147654f57bb/coverage-7.13.5-cp314-cp314t-musllinux_1_2_i686.whl", hash = "sha256:8fdf453a942c3e4d99bd80088141c4c6960bb232c409d9c3558e2dbaa3998562", size = 261579, upload-time = "2026-03-17T10:32:59.466Z" },
    { url = "https://files.pythonhosted.org/packages/5d/ce/796a2a2f4017f554d7810f5c573449b35b1e46788424a548d4d19201b222/coverage-7.13.5-cp314-cp314t-musllinux_1_2_ppc64le.whl", hash = "sha256:32ca0c0114c9834a43f045a87dcebd69d108d8ffb666957ea65aa132f50332e2", size = 265316, upload-time = "2026-03-17T10:33:01.847Z" },
    { url = "https://files.pythonhosted.org/packages/3d/16/d5ae91455541d1a78bc90abf495be600588aff8f6db5c8b0dae739fa39c9/coverage-7.13.5-cp314-cp314t-musllinux_1_2_riscv64.whl", hash = "sha256:8769751c10f339021e2638cd354e13adeac54004d1941119b2c96fe5276d45ea", size = 260427, upload-time = "2026-03-17T10:33:03.945Z" },
    { url = "https://files.pythonhosted.org/packages/48/11/07f413dba62db21fb3fad5d0de013a50e073cc4e2dc4306e770360f6dfc8/coverage-7.13.5-cp314-cp314t-musllinux_1_2_x86_64.whl", hash = "sha256:cec2d83125531bd153175354055cdb7a09987af08a9430bd173c937c6d0fba2a", size = 262745, upload-time = "2026-03-17T10:33:06.285Z" },
    { url = "https://files.pythonhosted.org/packages/91/15/d792371332eb4663115becf4bad47e047d16234b1aff687b1b18c58d60ae/coverage-7.13.5-cp314-cp314t-win32.whl", hash = "sha256:0cd9ed7a8b181775459296e402ca4fb27db1279740a24e93b3b41942ebe4b215", size = 223146, upload-time = "2026-03-17T10:33:08.756Z" },
    { url = "https://files.pythonhosted.org/packages/db/51/37221f59a111dca5e85be7dbf09696323b5b9f13ff65e0641d535ed06ea8/coverage-7.13.5-cp314-cp314t-win_amd64.whl", hash = "sha256:301e3b7dfefecaca37c9f1aa6f0049b7d4ab8dd933742b607765d757aca77d43", size = 224254, upload-time = "2026-03-17T10:33:11.174Z" },
    { url = "https://files.pythonhosted.org/packages/54/83/6acacc889de8987441aa7d5adfbdbf33d288dad28704a67e574f1df9bcbb/coverage-7.13.5-cp314-cp314t-win_arm64.whl", hash = "sha256:9dacc2ad679b292709e0f5fc1ac74a6d4d5562e424058962c7bb0c658ad25e45", size = 222276, upload-time = "2026-03-17T10:33:13.466Z" },
    { url = "https://files.pythonhosted.org/packages/9e/ee/a4cf96b8ce1e566ed238f0659ac2d3f007ed1d14b181bcb684e19561a69a/coverage-7.13.5-py3-none-any.whl", hash = "sha256:34b02417cf070e173989b3db962f7ed56d2f644307b2cf9d5a0f258e13084a61", size = 211346, upload-time = "2026-03-17T10:33:15.691Z" },
]

[[package]]
name = "iniconfig"
version = "2.3.0"
source = { registry = "https://pypi.org/simple" }
sdist = { url = "https://files.pythonhosted.org/packages/72/34/14ca021ce8e5dfedc35312d08ba8bf51fdd999c576889fc2c24cb97f4f10/iniconfig-2.3.0.tar.gz", hash = "sha256:c76315c77db068650d49c5b56314774a7804df16fee4402c1f19d6d15d8c4730", size = 20503, upload-time = "2025-10-18T21:55:43.219Z" }
wheels = [
    { url = "https://files.pythonhosted.org/packages/cb/b1/3846dd7f199d53cb17f49cba7e651e9ce294d8497c8c150530ed11865bb8/iniconfig-2.3.0-py3-none-any.whl", hash = "sha256:f631c04d2c48c52b84d0d0549c99ff3859c98df65b3101406327ecc7d53fbf12", size = 7484, upload-time = "2025-10-18T21:55:41.639Z" },
]

[[package]]
name = "packaging"
version = "26.0"
source = { registry = "https://pypi.org/simple" }
sdist = { url = "https://files.pythonhosted.org/packages/65/ee/299d360cdc32edc7d2cf530f3accf79c4fca01e96ffc950d8a52213bd8e4/packaging-26.0.tar.gz", hash = "sha256:00243ae351a257117b6a241061796684b084ed1c516a08c48a3f7e147a9d80b4", size = 143416, upload-time = "2026-01-21T20:50:39.064Z" }
wheels = [
    { url = "https://files.pythonhosted.org/packages/b7/b9/c538f279a4e237a006a2c98387d081e9eb060d203d8ed34467cc0f0b9b53/packaging-26.0-py3-none-any.whl", hash = "sha256:b36f1fef9334a5588b4166f8bcd26a14e521f2b55e6b9de3aaa80d3ff7a37529", size = 74366, upload-time = "2026-01-21T20:50:37.788Z" },
]

[[package]]
name = "pluggy"
version = "1.6.0"
source = { registry = "https://pypi.org/simple" }
sdist = { url = "https://files.pythonhosted.org/packages/f9/e2/3e91f31a7d2b083fe6ef3fa267035b518369d9511ffab804f839851d2779/pluggy-1.6.0.tar.gz", hash = "sha256:7dcc130b76258d33b90f61b658791dede3486c3e6bfb003ee5c9bfb396dd22f3", size = 69412, upload-time = "2025-05-15T12:30:07.975Z" }
wheels = [
    { url = "https://files.pythonhosted.org/packages/54/20/4d324d65cc6d9205fabedc306948156824eb9f0ee1633355a8f7ec5c66bf/pluggy-1.6.0-py3-none-any.whl", hash = "sha256:e920276dd6813095e9377c0bc5566d94c932c33b27a3e3945d8389c374dd4746", size = 20538, upload-time = "2025-05-15T12:30:06.134Z" },
]

[[package]]
name = "pygments"
version = "2.20.0"
source = { registry = "https://pypi.org/simple" }
sdist = { url = "https://files.pythonhosted.org/packages/c3/b2/bc9c9196916376152d655522fdcebac55e66de6603a76a02bca1b6414f6c/pygments-2.20.0.tar.gz", hash = "sha256:6757cd03768053ff99f3039c1a36d6c0aa0b263438fcab17520b30a303a82b5f", size = 4955991, upload-time = "2026-03-29T13:29:33.898Z" }
wheels = [
    { url = "https://files.pythonhosted.org/packages/f4/7e/a72dd26f3b0f4f2bf1dd8923c85f7ceb43172af56d63c7383eb62b332364/pygments-2.20.0-py3-none-any.whl", hash = "sha256:81a9e26dd42fd28a23a2d169d86d7ac03b46e2f8b59ed4698fb4785f946d0176", size = 1231151, upload-time = "2026-03-29T13:29:30.038Z" },
]

[[package]]
name = "pytest"
version = "9.1.1"
source = { registry = "https://pypi.org/simple" }
dependencies = [
    { name = "colorama", marker = "sys_platform == 'win32'" },
    { name = "iniconfig" },
    { name = "packaging" },
    { name = "pluggy" },
    { name = "pygments" },
]
sdist = { url = "https://files.pythonhosted.org/packages/e4/47/b9efed96c114afcfa3c9d3fe98a76a1d14c74a9e266d397cf6eb64be5e01/pytest-9.1.1.tar.gz", hash = "sha256:1088fbde8f2b49d95a549a195707afa7a76a3ce9bcadc26b6d71f0ffda5fe313", size = 1636369, upload-time = "2026-06-19T10:58:32.857Z" }
wheels = [
    { url = "https://files.pythonhosted.org/packages/24/25/1de2678b631f5a49215c6c96fff41ba892b0a34df68d6d80292b1b48aa7f/pytest-9.1.1-py3-none-any.whl", hash = "sha256:37a86b45efb9a47a61a36449063e8e18d0cab3161329fc099eb21783169c4f0c", size = 386536, upload-time = "2026-06-19T10:58:31.347Z" },
]

[[package]]
name = "pytest-cov"
version = "7.1.0"
source = { registry = "https://pypi.org/simple" }
dependencies = [
    { name = "coverage" },
    { name = "pluggy" },
    { name = "pytest" },
]
sdist = { url = "https://files.pythonhosted.org/packages/b1/51/a849f96e117386044471c8ec2bd6cfebacda285da9525c9106aeb28da671/pytest_cov-7.1.0.tar.gz", hash = "sha256:30674f2b5f6351aa09702a9c8c364f6a01c27aae0c1366ae8016160d1efc56b2", size = 55592, upload-time = "2026-03-21T20:11:16.284Z" }
wheels = [
    { url = "https://files.pythonhosted.org/packages/9d/7a/d968e294073affff457b041c2be9868a40c1c71f4a35fcc1e45e5493067b/pytest_cov-7.1.0-py3-none-any.whl", hash = "sha256:a0461110b7865f9a271aa1b51e516c9a95de9d696734a2f71e3e78f46e1d4678", size = 22876, upload-time = "2026-03-21T20:11:14.438Z" },
]

[[package]]
name = "ruff"
version = "0.16.3"
source = { registry = "https://pypi.org/simple" }
sdist = { url = "https://files.pythonhosted.org/packages/61/b3/3213589383f8f1b3938781bd1278713f6d18621a14992b3e81fefb8a5ef9/ruff-0.16.3.tar.gz", hash = "sha256:e76d33a347661a84b5be6d043d0347fdc745dfdcf825a8f4fed64b5e26eebdf2", size = 4891904, upload-time = "2026-08-13T15:17:13.381Z" }
wheels = [
    { url = "https://files.pythonhosted.org/packages/bf/96/493770daebd68c0a67f1549fdf519f53be51fc435186c0585bcc272fd76c/ruff-0.16.3-py3-none-linux_armv6l.whl", hash = "sha256:0c5710e247a58a4521e66e124ba9a74655b414f61ba3a2e9e3811e11098f48f7", size = 10902799, upload-time = "2026-08-13T15:16:27.382Z" },
    { url = "https://files.pythonhosted.org/packages/5e/e6/2becf3942fddc29a29b8df47691d456fb1085391a694f74d84513251418c/ruff-0.16.3-py3-none-macosx_10_12_x86_64.whl", hash = "sha256:fe155130631a2471fd2e14a7a664a4dfbd7194b8229c3d7b2a40b21178639081", size = 11135539, upload-time = "2026-08-13T15:16:30.87Z" },
    { url = "https://files.pythonhosted.org/packages/3e/1e/4b8b72f0d006dbf19326aa99f9ca0ee2ff374187c4d301cf529a51aa06fe/ruff-0.16.3-py3-none-macosx_11_0_arm64.whl", hash = "sha256:e2ed719e14aa64d895c2ee922594a90a43c861a93f0575a95ff8c47cdbd13eb9", size = 10475095, upload-time = "2026-08-13T15:16:33.259Z" },
    { url = "https://files.pythonhosted.org/packages/92/32/2201fa49ba1f6c101ee321e83f051ac7a4b8d07b0ef6b4d3f2772b302275/ruff-0.16.3-py3-none-manylinux_2_17_aarch64.manylinux2014_aarch64.whl", hash = "sha256:9e0b1da805eb043654645d74d5de1e5ce2edc686e40790d2b86f56d71cc06a84", size = 10668771, upload-time = "2026-08-13T15:16:35.65Z" },
    { url = "https://files.pythonhosted.org/packages/c3/66/4afc5c8363bd04d45effce1b7c8713ca037d7a6740b7451a2403a6e3a972/ruff-0.16.3-py3-none-manylinux_2_17_armv7l.manylinux2014_armv7l.whl", hash = "sha256:a37bdea0bbe21780f590bf437d6412c8c4e1b6cd010f91a65c2c40c5e5f5f870", size = 10699568, upload-time = "2026-08-13T15:16:38.195Z" },
    { url = "https://files.pythonhosted.org/packages/53/fd/c67d246bf36bf1698551c56de39e95cd07f70e64433e0098e6267d77061b/ruff-0.16.3-py3-none-manylinux_2_17_i686.manylinux2014_i686.whl", hash = "sha256:09571e6d1288ed9be475207a3ac04ada404f1cd898104be0f6ab8d7df438575b", size = 11499365, upload-time = "2026-08-13T15:16:40.623Z" },
    { url = "https://files.pythonhosted.org/packages/67/0b/00ecbceb99a263af7b12f6f05ac3c92bc47b905e91adc3f207a836e3bc01/ruff-0.16.3-py3-none-manylinux_2_17_ppc64le.manylinux2014_ppc64le.whl", hash = "sha256:2c18c5a101eb540010638cc1ff3c84944d3adb3df62b8d98ca8f22ba484d3413", size = 12311728, upload-time = "2026-08-13T15:16:43.564Z" },
    { url = "https://files.pythonhosted.org/packages/54/b2/b7b3bb54f4d3f7db504e476ad4ab8de530dceebe2c061384b2757ee419e8/ruff-0.16.3-py3-none-manylinux_2_17_s390x.manylinux2014_s390x.whl", hash = "sha256:8457c44f15033c85ddbb77b15d451df9e24e4bd03b628396dd3610cedc3b8f82", size = 11699896, upload-time = "2026-08-13T15:16:46.209Z" },
    { url = "https://files.pythonhosted.org/packages/c7/30/4c468429ac195addc5ee1b717b6ab1b66632786737ca3b2ed3443fb0c26a/ruff-0.16.3-py3-none-manylinux_2_17_x86_64.manylinux2014_x86_64.whl", hash = "sha256:294b95c4ae0cda9388525c2047778aa758d6b8d4bb876fd4e9eaa3ebc92343eb", size = 11058736, upload-time = "2026-08-13T15:16:48.823Z" },
    { url = "https://files.pythonhosted.org/packages/43/67/7a113cdaddf24b64d7f75b1242a99d04c82fcef4f6921fdbb832beaffb5f/ruff-0.16.3-py3-none-manylinux_2_31_riscv64.whl", hash = "sha256:3d0c7c40c87c2a820509c31ba007968da6e1306468c067b2d82fbfdbcd0e8474", size = 11586911, upload-time = "2026-08-13T15:16:51.913Z" },
    { url = "https://files.pythonhosted.org/packages/f1/c1/2e66f24c0f3ead25a5e660111778685e505e5da353c82802bf49f0cbe7b9/ruff-0.16.3-py3-none-musllinux_1_2_aarch64.whl", hash = "sha256:9f738c0fdfa8eed0b2ce7fb27ee7258208a92a68d7949e62aa15164bc7b389da", size = 10954265, upload-time = "2026-08-13T15:16:54.763Z" },
    { url = "https://files.pythonhosted.org/packages/c2/ba/4cee23bf52cba9a058d3726de623624daf50ef9638868edd86f4126157f6/ruff-0.16.3-py3-none-musllinux_1_2_armv7l.whl", hash = "sha256:fb785f0be25abe69d320415cd4f833b59e17ba7613d9ba6a958023b6bceb0a50", size = 10709886, upload-time = "2026-08-13T15:16:57.339Z" },
    { url = "https://files.pythonhosted.org/packages/82/df/7da7194fa5d9dc0a285f7e6fa5a4722e7c63faac0b45b614ded9314363a1/ruff-0.16.3-py3-none-musllinux_1_2_i686.whl", hash = "sha256:c5536e3acfbf9563085aa2be7b13c629c3077e902afc5b941ac44024dbb9f506", size = 11210392, upload-time = "2026-08-13T15:17:00.171Z" },
    { url = "https://files.pythonhosted.org/packages/35/85/7795f6e817af050e7517bf3e7aa9b061cce70ef33d280aad902c956c1ecf/ruff-0.16.3-py3-none-musllinux_1_2_x86_64.whl", hash = "sha256:a2d85c02f9b8e165d85e6779184d38c4132de12603dab59c51c28e22584f9e4d", size = 11626910, upload-time = "2026-08-13T15:17:03.299Z" },
    { url = "https://files.pythonhosted.org/packages/78/9b/475b927cf27a5cbbda3c7bafb69ed6ff77e1d7923d5d85f17c2749d7ae32/ruff-0.16.3-py3-none-win32.whl", hash = "sha256:388cdf2166642bd9b13d52b5932d3170f34f8abed7e8d9a855f1d84b83645a0a", size = 10931415, upload-time = "2026-08-13T15:17:05.726Z" },
    { url = "https://files.pythonhosted.org/packages/b2/99/e2a2bfc4fbf0a1e8a916bc9ebe6fe6c58cc34c28e0ffc6ce281d572d1c2e/ruff-0.16.3-py3-none-win_amd64.whl", hash = "sha256:e80a7d69ca2a6d1c4d352ec91458cdca6e56c83cdbcabd93e4abe1e53591d948", size = 11445993, upload-time = "2026-08-13T15:17:08.353Z" },
    { url = "https://files.pythonhosted.org/packages/69/3e/4132e539aed78c148854d4997a2685b0ed4dc4e87110b59ce528564e184e/ruff-0.16.3-py3-none-win_arm64.whl", hash = "sha256:b8ca152da82c1acc1fa8d5874b15951935f0eef46f10e6954c83859011b6178a", size = 11399302, upload-time = "2026-08-13T15:17:10.908Z" },
]
